<?xml version="1.0" encoding="utf-8"?>
<Project ToolsVersion="4.0" xmlns="http://schemas.microsoft.com/developer/msbuild/2003">
  <ItemGroup>
    <Filter Include="src">
      <UniqueIdentifier>{5c72023c-b41c-4b14-85fe-4a97d91e6d11}</UniqueIdentifier>
    </Filter>
    <Filter Include="src\graphics">
      <UniqueIdentifier>{e67766b2-e786-4cdd-8b71-f2417ec6f046}</UniqueIdentifier>
    </Filter>
    <Filter Include="src\input">
      <UniqueIdentifier>{c86c3465-7ba3-43bc-9bc4-8f4072a47274}</UniqueIdentifier>
    </Filter>
    <Filter Include="src\maths">
      <UniqueIdentifier>{79ecec36-9e82-4418-9dd1-ef92500410fd}</UniqueIdentifier>
    </Filter>
  </ItemGroup>
  <ItemGroup>
    <ClCompile Include="main.cpp" />
    <ClCompile Include="src\maths\vec2.cpp" />
    <ClCompile Include="src\maths\vec3.cpp" />
    <ClCompile Include="src\maths\vec4.cpp" />
    <ClCompile Include="src\graphics\window.cpp" />
    <ClCompile Include="src\maths\mat4.cpp" />
    <ClCompile Include="src\graphics\buffers\buffer.cpp" />
    <ClCompile Include="src\graphics\buffers\indexbuffer.cpp" />
    <ClCompile Include="src\graphics\buffers\vertexarray.cpp" />
    <ClCompile Include="src\graphics\shader.cpp" />
    <ClCompile Include="src\graphics\simple2drenderer.cpp" />
    <ClCompile Include="src\graphics\sprite.cpp" />
    <ClCompile Include="src\graphics\static_sprite.cpp" />
    <ClCompile Include="src\graphics\batchrenderer2d.cpp" />
    <ClCompile Include="src\graphics\layers\tilelayer.cpp" />
    <ClCompile Include="src\graphics\layers\layer.cpp" />
    <ClCompile Include="src\graphics\layers\group.cpp" />
    <ClCompile Include="src\graphics\texture.cpp" />
    <ClCompile Include="ext\freetype\src\base\basepic.c" />
    <ClCompile Include="ext\freetype\src\base\ftadvanc.c" />
    <ClCompile Include="ext\freetype\src\base\ftapi.c" />
    <ClCompile Include="ext\freetype\src\base\ftbase.c" />
    <ClCompile Include="ext\freetype\src\base\ftbbox.c" />
    <ClCompile Include="ext\freetype\src\base\ftbdf.c" />
    <ClCompile Include="ext\freetype\src\base\ftbitmap.c" />
    <ClCompile Include="ext\freetype\src\base\ftcalc.c" />
    <ClCompile Include="ext\freetype\src\base\ftcid.c" />
    <ClCompile Include="ext\freetype\src\base\ftdbgmem.c" />
    <ClCompile Include="ext\freetype\src\base\ftdebug.c" />
    <ClCompile Include="ext\freetype\src\base\ftfstype.c" />
    <ClCompile Include="ext\freetype\src\base\ftgasp.c" />
    <ClCompile Include="ext\freetype\src\base\ftgloadr.c" />
    <ClCompile Include="ext\freetype\src\base\ftglyph.c" />
    <ClCompile Include="ext\freetype\src\base\ftgxval.c" />
    <ClCompile Include="ext\freetype\src\base\ftinit.c" />
    <ClCompile Include="ext\freetype\src\base\ftlcdfil.c" />
    <ClCompile Include="ext\freetype\src\base\ftmac.c" />
    <ClCompile Include="ext\freetype\src\base\ftmm.c" />
    <ClCompile Include="ext\freetype\src\base\ftobjs.c" />
    <ClCompile Include="ext\freetype\src\base\ftotval.c" />
    <ClCompile Include="ext\freetype\src\base\ftoutln.c" />
    <ClCompile Include="ext\freetype\src\base\ftpatent.c" />
    <ClCompile Include="ext\freetype\src\base\ftpfr.c" />
    <ClCompile Include="ext\freetype\src\base\ftpic.c" />
    <ClCompile Include="ext\freetype\src\base\ftrfork.c" />
    <ClCompile Include="ext\freetype\src\base\ftsnames.c" />
    <ClCompile Include="ext\freetype\src\base\ftstream.c" />
    <ClCompile Include="ext\freetype\src\base\ftstroke.c" />
    <ClCompile Include="ext\freetype\src\base\ftsynth.c" />
    <ClCompile Include="ext\freetype\src\base\ftsystem.c" />
    <ClCompile Include="ext\freetype\src\base\fttrigon.c" />
    <ClCompile Include="ext\freetype\src\base\fttype1.c" />
    <ClCompile Include="ext\freetype\src\base\ftutil.c" />
    <ClCompile Include="ext\freetype\src\base\ftwinfnt.c" />
    <ClCompile Include="ext\freetype\src\base\ftxf86.c" />
    <ClCompile Include="ext\freetype\src\base\md5.c" />
  </ItemGroup>
  <ItemGroup>
    <ClInclude Include="src\maths\vec4.h" />
    <ClInclude Include="src\maths\vec2.h" />
    <ClInclude Include="src\maths\vec3.h" />
    <ClInclude Include="src\graphics\window.h" />
    <ClInclude Include="src\maths\maths.h" />
    <ClInclude Include="src\maths\mat4.h" />
    <ClInclude Include="src\maths\maths_func.h" />
    <ClInclude Include="src\graphics\buffers\buffer.h" />
    <ClInclude Include="src\graphics\buffers\indexbuffer.h" />
    <ClInclude Include="src\graphics\buffers\vertexarray.h" />
    <ClInclude Include="src\graphics\renderable2d.h" />
    <ClInclude Include="src\graphics\renderer2d.h" />
    <ClInclude Include="ext\gorilla-audio\include\gorilla\common\gc_common.h" />
    <ClInclude Include="ext\gorilla-audio\include\gorilla\common\gc_thread.h" />
    <ClInclude Include="ext\gorilla-audio\include\gorilla\common\gc_types.h" />
    <ClInclude Include="ext\gorilla-audio\include\gorilla\devices\ga_openal.h" />
    <ClInclude Include="ext\gorilla-audio\include\gorilla\devices\ga_xaudio2.h" />
    <ClInclude Include="ext\gorilla-audio\include\gorilla\ga.h" />
    <ClInclude Include="ext\gorilla-audio\include\gorilla\ga_internal.h" />
    <ClInclude Include="ext\gorilla-audio\include\gorilla\gau.h" />
    <ClInclude Include="src\utils\fileutils.h" />
    <ClInclude Include="src\graphics\shader.h" />
    <ClInclude Include="src\graphics\static_sprite.h" />
    <ClInclude Include="src\graphics\simple2drenderer.h" />
    <ClInclude Include="src\graphics\sprite.h" />
    <ClInclude Include="src\graphics\batchrenderer2d.h" />
    <ClInclude Include="src\graphics\layers\tilelayer.h" />
    <ClInclude Include="src\graphics\layers\layer.h" />
    <ClInclude Include="src\graphics\layers\group.h" />
    <ClInclude Include="src\graphics\texture.h" />
    <ClInclude Include="src\utils\ImageLoad.h" />
    <ClInclude Include="src\utils\timer.h" />
    <ClInclude Include="src\localization\default.h" />
    <ClInclude Include="ext\freetype\src\base\basepic.h" />
    <ClInclude Include="ext\freetype\src\base\ftbase.h" />
    <ClInclude Include="ext\freetype\src\base\md5.h" />
  </ItemGroup>
  <ItemGroup>
    <None Include="src\shaders\basic.vert" />
    <None Include="src\shaders\basic.frag" />
  </ItemGroup>
</Project>